# This file is automatically @generated by Cargo.
# It is not intended for manual editing.
version = 3

[[package]]
name = "anyhow"
version = "1.0.75"
source = "registry+https://github.com/rust-lang/crates.io-index"
checksum = "a4668cab20f66d8d020e1fbc0ebe47217433c1b6c8f2040faf858554e394ace6"

[[package]]
name = "derive_more"
version = "1.0.0-beta.6"
source = "registry+https://github.com/rust-lang/crates.io-index"
checksum = "f7abbfc297053be59290e3152f8cbcd52c8642e0728b69ee187d991d4c1af08d"
dependencies = [
 "derive_more-impl",
]

[[package]]
name = "derive_more-impl"
version = "1.0.0-beta.6"
source = "registry+https://github.com/rust-lang/crates.io-index"
checksum = "2bba3e9872d7c58ce7ef0fcf1844fcc3e23ef2a58377b50df35dd98e42a5726e"
dependencies = [
 "proc-macro2",
 "quote",
 "syn",
 "unicode-xid",
]

[[package]]
name = "proc-macro2"
version = "1.0.70"
source = "registry+https://github.com/rust-lang/crates.io-index"
checksum = "39278fbbf5fb4f646ce651690877f89d1c5811a3d4acb27700c1cb3cdb78fd3b"
dependencies = [
 "unicode-ident",
]

[[package]]
name = "quote"
version = "1.0.33"
source = "registry+https://github.com/rust-lang/crates.io-index"
checksum = "5267fca4496028628a95160fc423a33e8b2e6af8a5302579e322e4b520293cae"
dependencies = [
 "proc-macro2",
]

[[package]]
name = "schmargs"
version = "0.0.0"
dependencies = [
 "derive_more",
 "schmargs-derive",
]

[[package]]
name = "schmargs-derive"
version = "0.0.0"
dependencies = [
 "anyhow",
 "proc-macro2",
 "quote",
 "schmargs",
 "snailquote",
 "syn",
]

[[package]]
name = "snailquote"
version = "0.3.1"
source = "registry+https://github.com/rust-lang/crates.io-index"
checksum = "ec62a949bda7f15800481a711909f946e1204f2460f89210eaf7f57730f88f86"
dependencies = [
 "thiserror",
 "unicode_categories",
]

[[package]]
name = "syn"
version = "2.0.39"
source = "registry+https://github.com/rust-lang/crates.io-index"
checksum = "23e78b90f2fcf45d3e842032ce32e3f2d1545ba6636271dcbf24fa306d87be7a"
dependencies = [
 "proc-macro2",
 "quote",
 "unicode-ident",
]

[[package]]
name = "thiserror"
version = "1.0.50"
source = "registry+https://github.com/rust-lang/crates.io-index"
checksum = "f9a7210f5c9a7156bb50aa36aed4c95afb51df0df00713949448cf9e97d382d2"
dependencies = [
 "thiserror-impl",
]

[[package]]
name = "thiserror-impl"
version = "1.0.50"
source = "registry+https://github.com/rust-lang/crates.io-index"
checksum = "266b2e40bc00e5a6c09c3584011e08b06f123c00362c92b975ba9843aaaa14b8"
dependencies = [
 "proc-macro2",
 "quote",
 "syn",
]

[[package]]
name = "unicode-ident"
version = "1.0.12"
source = "registry+https://github.com/rust-lang/crates.io-index"
checksum = "3354b9ac3fae1ff6755cb6db53683adb661634f67557942dea4facebec0fee4b"

[[package]]
name = "unicode-xid"
version = "0.2.4"
source = "registry+https://github.com/rust-lang/crates.io-index"
checksum = "f962df74c8c05a667b5ee8bcf162993134c104e96440b663c8daa176dc772d8c"

[[package]]
name = "unicode_categories"
version = "0.1.1"
source = "registry+https://github.com/rust-lang/crates.io-index"
checksum = "39ec24b3121d976906ece63c9daad25b85969647682eee313cb5779fdd69e14e"
